# THIS IS AN AUTOGENERATED FILE. DO NOT EDIT THIS FILE DIRECTLY.
# yarn lockfile v1


dom7@^2.0.3:
  version "2.1.5"
  resolved "https://registry.yarnpkg.com/dom7/-/dom7-2.1.5.tgz#a79411017800b31d8400070cdaebbfc92c1f6377"
  integrity sha512-xnhwVgyOh3eD++/XGtH+5qBwYTgCm0aW91GFgPJ3XG+jlsRLyJivnbP0QmUBFhI+Oaz9FV0s7cxgXHezwOEBYA==
  dependencies:
    ssr-window "^2.0.0"

slick-carousel@1.8.0:
  version "1.8.0"
  resolved "https://registry.yarnpkg.com/slick-carousel/-/slick-carousel-1.8.0.tgz#b2b1cf4b84038a3e461b5773757c9cc605f40708"
  integrity sha512-MSMpaUJoeM7svF+pWDOZpme4PyxZ4SBCWpyBdFvw97RSeRYrjs+EsMT0fQpRxH2Qu7axEuS8d1uA7/G7IGm0CQ==

ssr-window@^1.0.0:
  version "1.0.1"
  resolved "https://registry.yarnpkg.com/ssr-window/-/ssr-window-1.0.1.tgz#30752a6a4666e7767f0b7e6aa6fc2fdbd0d9b369"
  integrity sha512-dgFqB+f00LJTEgb6UXhx0h+SrG50LJvti2yMKMqAgzfUmUXZrLSv2fjULF7AWGwK25EXu8+smLR3jYsJQChPsg==

ssr-window@^2.0.0:
  version "2.0.0"
  resolved "https://registry.yarnpkg.com/ssr-window/-/ssr-window-2.0.0.tgz#98c301aef99523317f8d69618f0010791096efc4"
  integrity sha512-NXzN+/HPObKAx191H3zKlYomE5WrVIkoCB5IaSdvKokxTpjBdWfr0RaP+1Z5KOfDT0ZVz+2tdtiBkhsEQ9p+0A==

swiper@abuyoyo/swiper#4.2.0-abuyoyo:
  version "4.2.0"
  resolved "https://codeload.github.com/abuyoyo/swiper/tar.gz/26c6486bf0a3a19177f02ada2bd2b564ba17014f"
  dependencies:
    dom7 "^2.0.3"
    ssr-window "^1.0.0"
